
Microsoft Visual Studio Solution File, Format Version 11.00
# Visual Studio 2010
Project("{FAE04EC0-301F-11D3-BF4B-00C04F79EFBC}") = "Assembly-CSharp", "Assembly-CSharp.csproj", "{64FAED2F-CED5-75EA-37C9-7FAA66C94B87}"
EndProject
Project("{FAE04EC0-301F-11D3-BF4B-00C04F79EFBC}") = "Assembly-CSharp-Editor", "Assembly-CSharp-Editor.csproj", "{99544737-B8CF-9443-3A6B-B7697227779D}"
EndProject
Global
	GlobalSection(SolutionConfigurationPlatforms) = preSolution
		Debug|Any CPU = Debug|Any CPU
		Release|Any CPU = Release|Any CPU
	EndGlobalSection
	GlobalSection(ProjectConfigurationPlatforms) = postSolution
		{64FAED2F-CED5-75EA-37C9-7FAA66C94B87}.Debug|Any CPU.ActiveCfg = Debug|Any CPU
		{64FAED2F-CED5-75EA-37C9-7FAA66C94B87}.Debug|Any CPU.Build.0 = Debug|Any CPU
		{64FAED2F-CED5-75EA-37C9-7FAA66C94B87}.Release|Any CPU.ActiveCfg = Release|Any CPU
		{64FAED2F-CED5-75EA-37C9-7FAA66C94B87}.Release|Any CPU.Build.0 = Release|Any CPU
		{99544737-B8CF-9443-3A6B-B7697227779D}.Debug|Any CPU.ActiveCfg = Debug|Any CPU
		{99544737-B8CF-9443-3A6B-B7697227779D}.Debug|Any CPU.Build.0 = Debug|Any CPU
		{99544737-B8CF-9443-3A6B-B7697227779D}.Release|Any CPU.ActiveCfg = Release|Any CPU
		{99544737-B8CF-9443-3A6B-B7697227779D}.Release|Any CPU.Build.0 = Release|Any CPU
	EndGlobalSection
	GlobalSection(SolutionProperties) = preSolution
		HideSolutionNode = FALSE
	EndGlobalSection
	GlobalSection(MonoDevelopProperties) = preSolution
		StartupItem = Assembly-CSharp.csproj
	EndGlobalSection
EndGlobal
